
Microsoft Visual Studio Solution File, Format Version 12.00
# Visual Studio 2013
VisualStudioVersion = 12.0.40629.0
MinimumVisualStudioVersion = 10.0.40219.1
Project("{FAE04EC0-301F-11D3-BF4B-00C04F79EFBC}") = "小本", "小本\小本.csproj", "{C3BD1674-4F06-4F49-BFE6-30C2AC34FBA4}"
EndProject
Global
	GlobalSection(SolutionConfigurationPlatforms) = preSolution
		Debug|Any CPU = Debug|Any CPU
		Release|Any CPU = Release|Any CPU
	EndGlobalSection
	GlobalSection(ProjectConfigurationPlatforms) = postSolution
		{C3BD1674-4F06-4F49-BFE6-30C2AC34FBA4}.Debug|Any CPU.ActiveCfg = Debug|Any CPU
		{C3BD1674-4F06-4F49-BFE6-30C2AC34FBA4}.Debug|Any CPU.Build.0 = Debug|Any CPU
		{C3BD1674-4F06-4F49-BFE6-30C2AC34FBA4}.Release|Any CPU.ActiveCfg = Release|Any CPU
		{C3BD1674-4F06-4F49-BFE6-30C2AC34FBA4}.Release|Any CPU.Build.0 = Release|Any CPU
	EndGlobalSection
	GlobalSection(SolutionProperties) = preSolution
		HideSolutionNode = FALSE
	EndGlobalSection
EndGlobal
